
Microsoft Visual Studio Solution File, Format Version 12.00
# Visual Studio Version 16
VisualStudioVersion = 16.0.28803.202
MinimumVisualStudioVersion = 10.0.40219.1
Project("{E24C65DC-7377-472B-9ABA-BC803B73C61A}") = "GoodsAndTransport(1)", "GoodsAndTransport\", "{65D4A5A0-5AC4-4362-BD53-ED69C29CB315}"
	ProjectSection(WebsiteProperties) = preProject
		TargetFrameworkMoniker = ".NETFramework,Version%3Dv4.7.2"
		Debug.AspNetCompiler.VirtualPath = "/localhost_61965"
		Debug.AspNetCompiler.PhysicalPath = "GoodsAndTransport\"
		Debug.AspNetCompiler.TargetPath = "PrecompiledWeb\localhost_61965\"
		Debug.AspNetCompiler.Updateable = "true"
		Debug.AspNetCompiler.ForceOverwrite = "true"
		Debug.AspNetCompiler.FixedNames = "false"
		Debug.AspNetCompiler.Debug = "True"
		Release.AspNetCompiler.VirtualPath = "/localhost_61965"
		Release.AspNetCompiler.PhysicalPath = "GoodsAndTransport\"
		Release.AspNetCompiler.TargetPath = "PrecompiledWeb\localhost_61965\"
		Release.AspNetCompiler.Updateable = "true"
		Release.AspNetCompiler.ForceOverwrite = "true"
		Release.AspNetCompiler.FixedNames = "false"
		Release.AspNetCompiler.Debug = "False"
		VWDPort = "61965"
		SlnRelativePath = "GoodsAndTransport\"
	EndProjectSection
EndProject
Global
	GlobalSection(SolutionConfigurationPlatforms) = preSolution
		Debug|Any CPU = Debug|Any CPU
	EndGlobalSection
	GlobalSection(ProjectConfigurationPlatforms) = postSolution
		{65D4A5A0-5AC4-4362-BD53-ED69C29CB315}.Debug|Any CPU.ActiveCfg = Debug|Any CPU
		{65D4A5A0-5AC4-4362-BD53-ED69C29CB315}.Debug|Any CPU.Build.0 = Debug|Any CPU
	EndGlobalSection
	GlobalSection(SolutionProperties) = preSolution
		HideSolutionNode = FALSE
	EndGlobalSection
	GlobalSection(ExtensibilityGlobals) = postSolution
		SolutionGuid = {2E34E586-C1A1-4D35-857F-24839A37F803}
	EndGlobalSection
EndGlobal
